
Microsoft Visual Studio Solution File, Format Version 12.00
# Visual Studio Version 17
VisualStudioVersion = 17.6.33815.320
MinimumVisualStudioVersion = 10.0.40219.1
Project("{FAE04EC0-301F-11D3-BF4B-00C04F79EFBC}") = "AdventOfCode2023", "AdventOfCode2023.csproj", "{C689C32B-76A1-4A3C-8C54-475E9C2E1C9A}"
EndProject
Global
	GlobalSection(SolutionConfigurationPlatforms) = preSolution
		Debug|Any CPU = Debug|Any CPU
		Release|Any CPU = Release|Any CPU
	EndGlobalSection
	GlobalSection(ProjectConfigurationPlatforms) = postSolution
		{C689C32B-76A1-4A3C-8C54-475E9C2E1C9A}.Debug|Any CPU.ActiveCfg = Debug|Any CPU
		{C689C32B-76A1-4A3C-8C54-475E9C2E1C9A}.Debug|Any CPU.Build.0 = Debug|Any CPU
		{C689C32B-76A1-4A3C-8C54-475E9C2E1C9A}.Release|Any CPU.ActiveCfg = Release|Any CPU
		{C689C32B-76A1-4A3C-8C54-475E9C2E1C9A}.Release|Any CPU.Build.0 = Release|Any CPU
	EndGlobalSection
	GlobalSection(SolutionProperties) = preSolution
		HideSolutionNode = FALSE
	EndGlobalSection
	GlobalSection(ExtensibilityGlobals) = postSolution
		SolutionGuid = {B51A036C-C99C-45C6-8BE5-7C7359D2BB13}
	EndGlobalSection
EndGlobal
